// !$*UTF8*$!
{
	archiveVersion = 1;
	classes = {
	};
	objectVersion = 50;
	objects = {

/* Begin PBXBuildFile section */
		33BB30E4229D79E600ABEC47 /* AppDelegate.swift in Sources */ = {isa = PBXBuildFile; fileRef = 33BB30E3229D79E600ABEC47 /* AppDelegate.swift */; };
		33BB30E6229D79E600ABEC47 /* ViewController.swift in Sources */ = {isa = PBXBuildFile; fileRef = 33BB30E5229D79E600ABEC47 /* ViewController.swift */; };
		33BB30E9229D79E600ABEC47 /* Main.storyboard in Resources */ = {isa = PBXBuildFile; fileRef = 33BB30E7229D79E600ABEC47 /* Main.storyboard */; };
		33BB30EC229D79E600ABEC47 /* Demo_Core_Data.xcdatamodeld in Sources */ = {isa = PBXBuildFile; fileRef = 33BB30EA229D79E600ABEC47 /* Demo_Core_Data.xcdatamodeld */; };
		33BB30EE229D79E800ABEC47 /* Assets.xcassets in Resources */ = {isa = PBXBuildFile; fileRef = 33BB30ED229D79E800ABEC47 /* Assets.xcassets */; };
		33BB30F1229D79E800ABEC47 /* LaunchScreen.storyboard in Resources */ = {isa = PBXBuildFile; fileRef = 33BB30EF229D79E800ABEC47 /* LaunchScreen.storyboard */; };
/* End PBXBuildFile section */

/* Begin PBXFileReference section */
		33BB30E0229D79E600ABEC47 /* Demo Core Data.app */ = {isa = PBXFileReference; explicitFileType = wrapper.application; includeInIndex = 0; path = "Demo Core Data.app"; sourceTree = BUILT_PRODUCTS_DIR; };
		33BB30E3229D79E600ABEC47 /* AppDelegate.swift */ = {isa = PBXFileReference; lastKnownFileType = sourcecode.swift; path = AppDelegate.swift; sourceTree = "<group>"; };
		33BB30E5229D79E600ABEC47 /* ViewController.swift */ = {isa = PBXFileReference; lastKnownFileType = sourcecode.swift; path = ViewController.swift; sourceTree = "<group>"; };
		33BB30E8229D79E600ABEC47 /* Base */ = {isa = PBXFileReference; lastKnownFileType = file.storyboard; name = Base; path = Base.lproj/Main.storyboard; sourceTree = "<group>"; };
		33BB30EB229D79E600ABEC47 /* Demo_Core_Data.xcdatamodel */ = {isa = PBXFileReference; lastKnownFileType = wrapper.xcdatamodel; path = Demo_Core_Data.xcdatamodel; sourceTree = "<group>"; };
		33BB30ED229D79E800ABEC47 /* Assets.xcassets */ = {isa = PBXFileReference; lastKnownFileType = folder.assetcatalog; path = Assets.xcassets; sourceTree = "<group>"; };
		33BB30F0229D79E800ABEC47 /* Base */ = {isa = PBXFileReference; lastKnownFileType = file.storyboard; name = Base; path = Base.lproj/LaunchScreen.storyboard; sourceTree = "<group>"; };
		33BB30F2229D79E800ABEC47 /* Info.plist */ = {isa = PBXFileReference; lastKnownFileType = text.plist.xml; path = Info.plist; sourceTree = "<group>"; };
		33BB30F8229D7DDE00ABEC47 /* Demo Core Data.entitlements */ = {isa = PBXFileReference; lastKnownFileType = text.plist.entitlements; path = "Demo Core Data.entitlements"; sourceTree = "<group>"; };
/* End PBXFileReference section */

/* Begin PBXFrameworksBuildPhase section */
		33BB30DD229D79E600ABEC47 /* Frameworks */ = {
			isa = PBXFrameworksBuildPhase;
			buildActionMask = 2147483647;
			files = (
			);
			runOnlyForDeploymentPostprocessing = 0;
		};
/* End PBXFrameworksBuildPhase section */

/* Begin PBXGroup section */
		33BB30D7229D79E600ABEC47 = {
			isa = PBXGroup;
			children = (
				33BB30E2229D79E600ABEC47 /* Demo Core Data */,
				33BB30E1229D79E600ABEC47 /* Products */,
			);
			sourceTree = "<group>";
		};
		33BB30E1229D79E600ABEC47 /* Products */ = {
			isa = PBXGroup;
			children = (
				33BB30E0229D79E600ABEC47 /* Demo Core Data.app */,
			);
			name = Products;
			sourceTree = "<group>";
		};
		33BB30E2229D79E600ABEC47 /* Demo Core Data */ = {
			isa = PBXGroup;
			children = (
				33BB30F8229D7DDE00ABEC47 /* Demo Core Data.entitlements */,
				33BB30E3229D79E600ABEC47 /* AppDelegate.swift */,
				33BB30E5229D79E600ABEC47 /* ViewController.swift */,
				33BB30E7229D79E600ABEC47 /* Main.storyboard */,
				33BB30ED229D79E800ABEC47 /* Assets.xcassets */,
				33BB30EF229D79E800ABEC47 /* LaunchScreen.storyboard */,
				33BB30F2229D79E800ABEC47 /* Info.plist */,
				33BB30EA229D79E600ABEC47 /* Demo_Core_Data.xcdatamodeld */,
			);
			path = "Demo Core Data";
			sourceTree = "<group>";
		};
/* End PBXGroup section */

/* Begin PBXNativeTarget section */
		33BB30DF229D79E600ABEC47 /* Demo Core Data */ = {
			isa = PBXNativeTarget;
			buildConfigurationList = 33BB30F5229D79E800ABEC47 /* Build configuration list for PBXNativeTarget "Demo Core Data" */;
			buildPhases = (
				33BB30DC229D79E600ABEC47 /* Sources */,
				33BB30DD229D79E600ABEC47 /* Frameworks */,
				33BB30DE229D79E600ABEC47 /* Resources */,
			);
			buildRules = (
			);
			dependencies = (
			);
			name = "Demo Core Data";
			productName = "Demo Core Data";
			productReference = 33BB30E0229D79E600ABEC47 /* Demo Core Data.app */;
			productType = "com.apple.product-type.application";
		};
/* End PBXNativeTarget section */

/* Begin PBXProject section */
		33BB30D8229D79E600ABEC47 /* Project object */ = {
			isa = PBXProject;
			attributes = {
				LastSwiftUpdateCheck = 1020;
				LastUpgradeCheck = 1020;
				ORGANIZATIONNAME = Tectec;
				TargetAttributes = {
					33BB30DF229D79E600ABEC47 = {
						CreatedOnToolsVersion = 10.2.1;
						SystemCapabilities = {
							com.apple.iCloud = {
								enabled = 1;
							};
						};
					};
				};
			};
			buildConfigurationList = 33BB30DB229D79E600ABEC47 /* Build configuration list for PBXProject "Demo Core Data" */;
			compatibilityVersion = "Xcode 9.3";
			developmentRegion = en;
			hasScannedForEncodings = 0;
			knownRegions = (
				en,
				Base,
			);
			mainGroup = 33BB30D7229D79E600ABEC47;
			productRefGroup = 33BB30E1229D79E600ABEC47 /* Products */;
			projectDirPath = "";
			projectRoot = "";
			targets = (
				33BB30DF229D79E600ABEC47 /* Demo Core Data */,
			);
		};
/* End PBXProject section */

/* Begin PBXResourcesBuildPhase section */
		33BB30DE229D79E600ABEC47 /* Resources */ = {
			isa = PBXResourcesBuildPhase;
			buildActionMask = 2147483647;
			files = (
				33BB30F1229D79E800ABEC47 /* LaunchScreen.storyboard in Resources */,
				33BB30EE229D79E800ABEC47 /* Assets.xcassets in Resources */,
				33BB30E9229D79E600ABEC47 /* Main.storyboard in Resources */,
			);
			runOnlyForDeploymentPostprocessing = 0;
		};
/* End PBXResourcesBuildPhase section */

/* Begin PBXSourcesBuildPhase section */
		33BB30DC229D79E600ABEC47 /* Sources */ = {
			isa = PBXSourcesBuildPhase;
			buildActionMask = 2147483647;
			files = (
				33BB30EC229D79E600ABEC47 /* Demo_Core_Data.xcdatamodeld in Sources */,
				33BB30E6229D79E600ABEC47 /* ViewController.swift in Sources */,
				33BB30E4229D79E600ABEC47 /* AppDelegate.swift in Sources */,
			);
			runOnlyForDeploymentPostprocessing = 0;
		};
/* End PBXSourcesBuildPhase section */

/* Begin PBXVariantGroup section */
		33BB30E7229D79E600ABEC47 /* Main.storyboard */ = {
			isa = PBXVariantGroup;
			children = (
				33BB30E8229D79E600ABEC47 /* Base */,
			);
			name = Main.storyboard;
			sourceTree = "<group>";
		};
		33BB30EF229D79E800ABEC47 /* LaunchScreen.storyboard */ = {
			isa = PBXVariantGroup;
			children = (
				33BB30F0229D79E800ABEC47 /* Base */,
			);
			name = LaunchScreen.storyboard;
			sourceTree = "<group>";
		};
/* End PBXVariantGroup section */

/* Begin XCBuildConfiguration section */
		33BB30F3229D79E800ABEC47 /* Debug */ = {
			isa = XCBuildConfiguration;
			buildSettings = {
				ALWAYS_SEARCH_USER_PATHS = NO;
				CLANG_ANALYZER_NONNULL = YES;
				CLANG_ANALYZER_NUMBER_OBJECT_CONVERSION = YES_AGGRESSIVE;
				CLANG_CXX_LANGUAGE_STANDARD = "gnu++14";
				CLANG_CXX_LIBRARY = "libc++";
				CLANG_ENABLE_MODULES = YES;
				CLANG_ENABLE_OBJC_ARC = YES;
				CLANG_ENABLE_OBJC_WEAK = YES;
				CLANG_WARN_BLOCK_CAPTURE_AUTORELEASING = YES;
				CLANG_WARN_BOOL_CONVERSION = YES;
				CLANG_WARN_COMMA = YES;
				CLANG_WARN_CONSTANT_CONVERSION = YES;
				CLANG_WARN_DEPRECATED_OBJC_IMPLEMENTATIONS = YES;
				CLANG_WARN_DIRECT_OBJC_ISA_USAGE = YES_ERROR;
				CLANG_WARN_DOCUMENTATION_COMMENTS = YES;
				CLANG_WARN_EMPTY_BODY = YES;
				CLANG_WARN_ENUM_CONVERSION = YES;
				CLANG_WARN_INFINITE_RECURSION = YES;
				CLANG_WARN_INT_CONVERSION = YES;
				CLANG_WARN_NON_LITERAL_NULL_CONVERSION = YES;
				CLANG_WARN_OBJC_IMPLICIT_RETAIN_SELF = YES;
				CLANG_WARN_OBJC_LITERAL_CONVERSION = YES;
				CLANG_WARN_OBJC_ROOT_CLASS = YES_ERROR;
				CLANG_WARN_RANGE_LOOP_ANALYSIS = YES;
				CLANG_WARN_STRICT_PROTOTYPES = YES;
				CLANG_WARN_SUSPICIOUS_MOVE = YES;
				CLANG_WARN_UNGUARDED_AVAILABILITY = YES_AGGRESSIVE;
				CLANG_WARN_UNREACHABLE_CODE = YES;
				CLANG_WARN__DUPLICATE_METHOD_MATCH = YES;
				CODE_SIGN_IDENTITY = "iPhone Developer";
				COPY_PHASE_STRIP = NO;
				DEBUG_INFORMATION_FORMAT = dwarf;
				ENABLE_STRICT_OBJC_MSGSEND = YES;
				ENABLE_TESTABILITY = YES;
				GCC_C_LANGUAGE_STANDARD = gnu11;
				GCC_DYNAMIC_NO_PIC = NO;
				GCC_NO_COMMON_BLOCKS = YES;
				GCC_OPTIMIZATION_LEVEL = 0;
				GCC_PREPROCESSOR_DEFINITIONS = (
					"DEBUG=1",
					"$(inherited)",
				);
				GCC_WARN_64_TO_32_BIT_CONVERSION = YES;
				GCC_WARN_ABOUT_RETURN_TYPE = YES_ERROR;
				GCC_WARN_UNDECLARED_SELECTOR = YES;
				GCC_WARN_UNINITIALIZED_AUTOS = YES_AGGRESSIVE;
				GCC_WARN_UNUSED_FUNCTION = YES;
				GCC_WARN_UNUSED_VARIABLE = YES;
				IPHONEOS_DEPLOYMENT_TARGET = 12.2;
				MTL_ENABLE_DEBUG_INFO = INCLUDE_SOURCE;
				MTL_FAST_MATH = YES;
				ONLY_ACTIVE_ARCH = YES;
				SDKROOT = iphoneos;
				SWIFT_ACTIVE_COMPILATION_CONDITIONS = DEBUG;
				SWIFT_OPTIMIZATION_LEVEL = "-Onone";
			};
			name = Debug;
		};
		33BB30F4229D79E800ABEC47 /* Release */ = {
			isa = XCBuildConfiguration;
			buildSettings = {
				ALWAYS_SEARCH_USER_PATHS = NO;
				CLANG_ANALYZER_NONNULL = YES;
				CLANG_ANALYZER_NUMBER_OBJECT_CONVERSION = YES_AGGRESSIVE;
				CLANG_CXX_LANGUAGE_STANDARD = "gnu++14";
				CLANG_CXX_LIBRARY = "libc++";
				CLANG_ENABLE_MODULES = YES;
				CLANG_ENABLE_OBJC_ARC = YES;
				CLANG_ENABLE_OBJC_WEAK = YES;
				CLANG_WARN_BLOCK_CAPTURE_AUTORELEASING = YES;
				CLANG_WARN_BOOL_CONVERSION = YES;
				CLANG_WARN_COMMA = YES;
				CLANG_WARN_CONSTANT_CONVERSION = YES;
				CLANG_WARN_DEPRECATED_OBJC_IMPLEMENTATIONS = YES;
				CLANG_WARN_DIRECT_OBJC_ISA_USAGE = YES_ERROR;
				CLANG_WARN_DOCUMENTATION_COMMENTS = YES;
				CLANG_WARN_EMPTY_BODY = YES;
				CLANG_WARN_ENUM_CONVERSION = YES;
				CLANG_WARN_INFINITE_RECURSION = YES;
				CLANG_WARN_INT_CONVERSION = YES;
				CLANG_WARN_NON_LITERAL_NULL_CONVERSION = YES;
				CLANG_WARN_OBJC_IMPLICIT_RETAIN_SELF = YES;
				CLANG_WARN_OBJC_LITERAL_CONVERSION = YES;
				CLANG_WARN_OBJC_ROOT_CLASS = YES_ERROR;
				CLANG_WARN_RANGE_LOOP_ANALYSIS = YES;
				CLANG_WARN_STRICT_PROTOTYPES = YES;
				CLANG_WARN_SUSPICIOUS_MOVE = YES;
				CLANG_WARN_UNGUARDED_AVAILABILITY = YES_AGGRESSIVE;
				CLANG_WARN_UNREACHABLE_CODE = YES;
				CLANG_WARN__DUPLICATE_METHOD_MATCH = YES;
				CODE_SIGN_IDENTITY = "iPhone Developer";
				COPY_PHASE_STRIP = NO;
				DEBUG_INFORMATION_FORMAT = "dwarf-with-dsym";
				ENABLE_NS_ASSERTIONS = NO;
				ENABLE_STRICT_OBJC_MSGSEND = YES;
				GCC_C_LANGUAGE_STANDARD = gnu11;
				GCC_NO_COMMON_BLOCKS = YES;
				GCC_WARN_64_TO_32_BIT_CONVERSION = YES;
				GCC_WARN_ABOUT_RETURN_TYPE = YES_ERROR;
				GCC_WARN_UNDECLARED_SELECTOR = YES;
				GCC_WARN_UNINITIALIZED_AUTOS = YES_AGGRESSIVE;
				GCC_WARN_UNUSED_FUNCTION = YES;
				GCC_WARN_UNUSED_VARIABLE = YES;
				IPHONEOS_DEPLOYMENT_TARGET = 12.2;
				MTL_ENABLE_DEBUG_INFO = NO;
				MTL_FAST_MATH = YES;
				SDKROOT = iphoneos;
				SWIFT_COMPILATION_MODE = wholemodule;
				SWIFT_OPTIMIZATION_LEVEL = "-O";
				VALIDATE_PRODUCT = YES;
			};
			name = Release;
		};
		33BB30F6229D79E800ABEC47 /* Debug */ = {
			isa = XCBuildConfiguration;
			buildSettings = {
				ASSETCATALOG_COMPILER_APPICON_NAME = AppIcon;
				CODE_SIGN_ENTITLEMENTS = "Demo Core Data/Demo Core Data.entitlements";
				CODE_SIGN_STYLE = Automatic;
				DEVELOPMENT_TEAM = A7SGM6JEMA;
				INFOPLIST_FILE = "Demo Core Data/Info.plist";
				LD_RUNPATH_SEARCH_PATHS = (
					"$(inherited)",
					"@executable_path/Frameworks",
				);
				PRODUCT_BUNDLE_IDENTIFIER = "fr.tectec.Demo-Core-Data";
				PRODUCT_NAME = "$(TARGET_NAME)";
				SWIFT_VERSION = 5.0;
				TARGETED_DEVICE_FAMILY = "1,2";
			};
			name = Debug;
		};
		33BB30F7229D79E800ABEC47 /* Release */ = {
			isa = XCBuildConfiguration;
			buildSettings = {
				ASSETCATALOG_COMPILER_APPICON_NAME = AppIcon;
				CODE_SIGN_ENTITLEMENTS = "Demo Core Data/Demo Core Data.entitlements";
				CODE_SIGN_STYLE = Automatic;
				DEVELOPMENT_TEAM = A7SGM6JEMA;
				INFOPLIST_FILE = "Demo Core Data/Info.plist";
				LD_RUNPATH_SEARCH_PATHS = (
					"$(inherited)",
					"@executable_path/Frameworks",
				);
				PRODUCT_BUNDLE_IDENTIFIER = "fr.tectec.Demo-Core-Data";
				PRODUCT_NAME = "$(TARGET_NAME)";
				SWIFT_VERSION = 5.0;
				TARGETED_DEVICE_FAMILY = "1,2";
			};
			name = Release;
		};
/* End XCBuildConfiguration section */

/* Begin XCConfigurationList section */
		33BB30DB229D79E600ABEC47 /* Build configuration list for PBXProject "Demo Core Data" */ = {
			isa = XCConfigurationList;
			buildConfigurations = (
				33BB30F3229D79E800ABEC47 /* Debug */,
				33BB30F4229D79E800ABEC47 /* Release */,
			);
			defaultConfigurationIsVisible = 0;
			defaultConfigurationName = Release;
		};
		33BB30F5229D79E800ABEC47 /* Build configuration list for PBXNativeTarget "Demo Core Data" */ = {
			isa = XCConfigurationList;
			buildConfigurations = (
				33BB30F6229D79E800ABEC47 /* Debug */,
				33BB30F7229D79E800ABEC47 /* Release */,
			);
			defaultConfigurationIsVisible = 0;
			defaultConfigurationName = Release;
		};
/* End XCConfigurationList section */

/* Begin XCVersionGroup section */
		33BB30EA229D79E600ABEC47 /* Demo_Core_Data.xcdatamodeld */ = {
			isa = XCVersionGroup;
			children = (
				33BB30EB229D79E600ABEC47 /* Demo_Core_Data.xcdatamodel */,
			);
			currentVersion = 33BB30EB229D79E600ABEC47 /* Demo_Core_Data.xcdatamodel */;
			path = Demo_Core_Data.xcdatamodeld;
			sourceTree = "<group>";
			versionGroupType = wrapper.xcdatamodel;
		};
/* End XCVersionGroup section */
	};
	rootObject = 33BB30D8229D79E600ABEC47 /* Project object */;
}
